
Microsoft Visual Studio Solution File, Format Version 12.00
# Visual Studio Version 17
VisualStudioVersion = 17.13.35825.156
MinimumVisualStudioVersion = 10.0.40219.1
Project("{FAE04EC0-301F-11D3-BF4B-00C04F79EFBC}") = "Diagram", "Diagram\Diagram.csproj", "{A27417DC-B699-4C1C-998A-4FABC24F4EDF}"
EndProject
Project("{FAE04EC0-301F-11D3-BF4B-00C04F79EFBC}") = "Business", "Business\Business.csproj", "{D4EA63CE-09BD-4570-A67F-A35324E9C43B}"
EndProject
Project("{FAE04EC0-301F-11D3-BF4B-00C04F79EFBC}") = "Data", "Data\Data.csproj", "{CAFDA55C-29E1-4A50-81EF-CC2C9B2024C9}"
EndProject
Project("{FAE04EC0-301F-11D3-BF4B-00C04F79EFBC}") = "Entity", "Entity\Entity.csproj", "{9E673F97-5087-4B9D-BEA9-523CB5A122A4}"
EndProject
Project("{FAE04EC0-301F-11D3-BF4B-00C04F79EFBC}") = "Utilities", "Utilities\Utilities.csproj", "{E1A3A3D0-6BA2-45B6-9CCB-AC58FD15BA5F}"
EndProject
Project("{FAE04EC0-301F-11D3-BF4B-00C04F79EFBC}") = "Web", "Web\Web.csproj", "{8CA0FFED-32E0-4D49-92F3-6ADD1B0768E6}"
EndProject
Global
	GlobalSection(SolutionConfigurationPlatforms) = preSolution
		Debug|Any CPU = Debug|Any CPU
		Release|Any CPU = Release|Any CPU
	EndGlobalSection
	GlobalSection(ProjectConfigurationPlatforms) = postSolution
		{A27417DC-B699-4C1C-998A-4FABC24F4EDF}.Debug|Any CPU.ActiveCfg = Debug|Any CPU
		{A27417DC-B699-4C1C-998A-4FABC24F4EDF}.Debug|Any CPU.Build.0 = Debug|Any CPU
		{A27417DC-B699-4C1C-998A-4FABC24F4EDF}.Release|Any CPU.ActiveCfg = Release|Any CPU
		{A27417DC-B699-4C1C-998A-4FABC24F4EDF}.Release|Any CPU.Build.0 = Release|Any CPU
		{D4EA63CE-09BD-4570-A67F-A35324E9C43B}.Debug|Any CPU.ActiveCfg = Debug|Any CPU
		{D4EA63CE-09BD-4570-A67F-A35324E9C43B}.Debug|Any CPU.Build.0 = Debug|Any CPU
		{D4EA63CE-09BD-4570-A67F-A35324E9C43B}.Release|Any CPU.ActiveCfg = Release|Any CPU
		{D4EA63CE-09BD-4570-A67F-A35324E9C43B}.Release|Any CPU.Build.0 = Release|Any CPU
		{CAFDA55C-29E1-4A50-81EF-CC2C9B2024C9}.Debug|Any CPU.ActiveCfg = Debug|Any CPU
		{CAFDA55C-29E1-4A50-81EF-CC2C9B2024C9}.Debug|Any CPU.Build.0 = Debug|Any CPU
		{CAFDA55C-29E1-4A50-81EF-CC2C9B2024C9}.Release|Any CPU.ActiveCfg = Release|Any CPU
		{CAFDA55C-29E1-4A50-81EF-CC2C9B2024C9}.Release|Any CPU.Build.0 = Release|Any CPU
		{9E673F97-5087-4B9D-BEA9-523CB5A122A4}.Debug|Any CPU.ActiveCfg = Debug|Any CPU
		{9E673F97-5087-4B9D-BEA9-523CB5A122A4}.Debug|Any CPU.Build.0 = Debug|Any CPU
		{9E673F97-5087-4B9D-BEA9-523CB5A122A4}.Release|Any CPU.ActiveCfg = Release|Any CPU
		{9E673F97-5087-4B9D-BEA9-523CB5A122A4}.Release|Any CPU.Build.0 = Release|Any CPU
		{E1A3A3D0-6BA2-45B6-9CCB-AC58FD15BA5F}.Debug|Any CPU.ActiveCfg = Debug|Any CPU
		{E1A3A3D0-6BA2-45B6-9CCB-AC58FD15BA5F}.Debug|Any CPU.Build.0 = Debug|Any CPU
		{E1A3A3D0-6BA2-45B6-9CCB-AC58FD15BA5F}.Release|Any CPU.ActiveCfg = Release|Any CPU
		{E1A3A3D0-6BA2-45B6-9CCB-AC58FD15BA5F}.Release|Any CPU.Build.0 = Release|Any CPU
		{8CA0FFED-32E0-4D49-92F3-6ADD1B0768E6}.Debug|Any CPU.ActiveCfg = Debug|Any CPU
		{8CA0FFED-32E0-4D49-92F3-6ADD1B0768E6}.Debug|Any CPU.Build.0 = Debug|Any CPU
		{8CA0FFED-32E0-4D49-92F3-6ADD1B0768E6}.Release|Any CPU.ActiveCfg = Release|Any CPU
		{8CA0FFED-32E0-4D49-92F3-6ADD1B0768E6}.Release|Any CPU.Build.0 = Release|Any CPU
	EndGlobalSection
	GlobalSection(SolutionProperties) = preSolution
		HideSolutionNode = FALSE
	EndGlobalSection
	GlobalSection(ExtensibilityGlobals) = postSolution
		SolutionGuid = {065F2262-F66C-4A6F-AE9E-77BF8E3E3FD9}
	EndGlobalSection
EndGlobal
